
Microsoft Visual Studio Solution File, Format Version 12.00
# Visual Studio Version 16
VisualStudioVersion = 16.0.32428.217
MinimumVisualStudioVersion = 10.0.40219.1
Project("{FAE04EC0-301F-11D3-BF4B-00C04F79EFBC}") = "PhotoLabWinUI", "PhotoLabWinUI\PhotoLabWinUI.csproj", "{62C8A785-1D38-4AF8-8550-6799F9CC3BE3}"
EndProject
Global
	GlobalSection(SolutionConfigurationPlatforms) = preSolution
		Debug|arm64 = Debug|arm64
		Debug|x64 = Debug|x64
		Debug|x86 = Debug|x86
		Release|arm64 = Release|arm64
		Release|x64 = Release|x64
		Release|x86 = Release|x86
	EndGlobalSection
	GlobalSection(ProjectConfigurationPlatforms) = postSolution
		{62C8A785-1D38-4AF8-8550-6799F9CC3BE3}.Debug|arm64.ActiveCfg = Debug|arm64
		{62C8A785-1D38-4AF8-8550-6799F9CC3BE3}.Debug|arm64.Build.0 = Debug|arm64
		{62C8A785-1D38-4AF8-8550-6799F9CC3BE3}.Debug|arm64.Deploy.0 = Debug|arm64
		{62C8A785-1D38-4AF8-8550-6799F9CC3BE3}.Debug|x64.ActiveCfg = Debug|x64
		{62C8A785-1D38-4AF8-8550-6799F9CC3BE3}.Debug|x64.Build.0 = Debug|x64
		{62C8A785-1D38-4AF8-8550-6799F9CC3BE3}.Debug|x64.Deploy.0 = Debug|x64
		{62C8A785-1D38-4AF8-8550-6799F9CC3BE3}.Debug|x86.ActiveCfg = Debug|x86
		{62C8A785-1D38-4AF8-8550-6799F9CC3BE3}.Debug|x86.Build.0 = Debug|x86
		{62C8A785-1D38-4AF8-8550-6799F9CC3BE3}.Release|arm64.ActiveCfg = Release|arm64
		{62C8A785-1D38-4AF8-8550-6799F9CC3BE3}.Release|arm64.Build.0 = Release|arm64
		{62C8A785-1D38-4AF8-8550-6799F9CC3BE3}.Release|arm64.Deploy.0 = Release|arm64
		{62C8A785-1D38-4AF8-8550-6799F9CC3BE3}.Release|x64.ActiveCfg = Release|x64
		{62C8A785-1D38-4AF8-8550-6799F9CC3BE3}.Release|x64.Build.0 = Release|x64
		{62C8A785-1D38-4AF8-8550-6799F9CC3BE3}.Release|x64.Deploy.0 = Release|x64
		{62C8A785-1D38-4AF8-8550-6799F9CC3BE3}.Release|x86.ActiveCfg = Release|x86
		{62C8A785-1D38-4AF8-8550-6799F9CC3BE3}.Release|x86.Build.0 = Release|x86
		{62C8A785-1D38-4AF8-8550-6799F9CC3BE3}.Release|x86.Deploy.0 = Release|x86
	EndGlobalSection
	GlobalSection(SolutionProperties) = preSolution
		HideSolutionNode = FALSE
	EndGlobalSection
	GlobalSection(ExtensibilityGlobals) = postSolution
		SolutionGuid = {AD92B6A4-5768-49E7-A666-4F0EDA65AEBC}
	EndGlobalSection
EndGlobal
